
Microsoft Visual Studio Solution File, Format Version 12.00
# Visual Studio Version 17
VisualStudioVersion = 17.4.33205.214
MinimumVisualStudioVersion = 10.0.40219.1
Project("{FAE04EC0-301F-11D3-BF4B-00C04F79EFBC}") = "Labwork№2", "Labwork№2\Labwork№2.csproj", "{013A53D2-B45B-44CB-BB4F-CCB635C86608}"
EndProject
Global
	GlobalSection(SolutionConfigurationPlatforms) = preSolution
		Debug|Any CPU = Debug|Any CPU
		Release|Any CPU = Release|Any CPU
	EndGlobalSection
	GlobalSection(ProjectConfigurationPlatforms) = postSolution
		{013A53D2-B45B-44CB-BB4F-CCB635C86608}.Debug|Any CPU.ActiveCfg = Debug|Any CPU
		{013A53D2-B45B-44CB-BB4F-CCB635C86608}.Debug|Any CPU.Build.0 = Debug|Any CPU
		{013A53D2-B45B-44CB-BB4F-CCB635C86608}.Release|Any CPU.ActiveCfg = Release|Any CPU
		{013A53D2-B45B-44CB-BB4F-CCB635C86608}.Release|Any CPU.Build.0 = Release|Any CPU
	EndGlobalSection
	GlobalSection(SolutionProperties) = preSolution
		HideSolutionNode = FALSE
	EndGlobalSection
	GlobalSection(ExtensibilityGlobals) = postSolution
		SolutionGuid = {36206101-29BC-494E-982C-626DA7782A11}
	EndGlobalSection
EndGlobal
